
Microsoft Visual Studio Solution File, Format Version 12.00
Project("{FAE04EC0-301F-11D3-BF4B-00C04F79EFBC}") = "FizzBuzzGolf", "FizzBuzzGolf\FizzBuzzGolf.csproj", "{C163B3F6-EDD6-4870-AEFA-ACF10FB8712A}"
EndProject
Global
	GlobalSection(SolutionConfigurationPlatforms) = preSolution
		Debug|Any CPU = Debug|Any CPU
		Release|Any CPU = Release|Any CPU
	EndGlobalSection
	GlobalSection(ProjectConfigurationPlatforms) = postSolution
		{C163B3F6-EDD6-4870-AEFA-ACF10FB8712A}.Debug|Any CPU.ActiveCfg = Debug|Any CPU
		{C163B3F6-EDD6-4870-AEFA-ACF10FB8712A}.Debug|Any CPU.Build.0 = Debug|Any CPU
		{C163B3F6-EDD6-4870-AEFA-ACF10FB8712A}.Release|Any CPU.ActiveCfg = Release|Any CPU
		{C163B3F6-EDD6-4870-AEFA-ACF10FB8712A}.Release|Any CPU.Build.0 = Release|Any CPU
	EndGlobalSection
EndGlobal
